
Microsoft Visual Studio Solution File, Format Version 12.00
# Visual Studio Version 17
VisualStudioVersion = 17.5.33530.505
MinimumVisualStudioVersion = 10.0.40219.1
Project("{FAE04EC0-301F-11D3-BF4B-00C04F79EFBC}") = "Datatable.js", "Datatable.js\Datatable.js.csproj", "{1E09518B-1521-4CAD-9BDB-8B3A432452CE}"
EndProject
Global
	GlobalSection(SolutionConfigurationPlatforms) = preSolution
		Debug|Any CPU = Debug|Any CPU
		Release|Any CPU = Release|Any CPU
	EndGlobalSection
	GlobalSection(ProjectConfigurationPlatforms) = postSolution
		{1E09518B-1521-4CAD-9BDB-8B3A432452CE}.Debug|Any CPU.ActiveCfg = Debug|Any CPU
		{1E09518B-1521-4CAD-9BDB-8B3A432452CE}.Debug|Any CPU.Build.0 = Debug|Any CPU
		{1E09518B-1521-4CAD-9BDB-8B3A432452CE}.Release|Any CPU.ActiveCfg = Release|Any CPU
		{1E09518B-1521-4CAD-9BDB-8B3A432452CE}.Release|Any CPU.Build.0 = Release|Any CPU
	EndGlobalSection
	GlobalSection(SolutionProperties) = preSolution
		HideSolutionNode = FALSE
	EndGlobalSection
	GlobalSection(ExtensibilityGlobals) = postSolution
		SolutionGuid = {BDFDE4EA-9124-425B-A196-D177C7505BB0}
	EndGlobalSection
EndGlobal
